Microsoft Visual Studio Solution File, Format Version 12.00
# Visual Studio 15
Project("{2150E333-8FDC-42A3-9474-1A3956D46DE8}") = "CMakePredefinedTargets", "CMakePredefinedTargets", "{C186EB7B-0A5D-36C3-B585-6649FD5EC2C4}"
EndProject
Project("{2150E333-8FDC-42A3-9474-1A3956D46DE8}") = "External", "External", "{A6F749E1-9850-3430-9914-B412FD310ECE}"
EndProject
Project("{2150E333-8FDC-42A3-9474-1A3956D46DE8}") = "Internal", "Internal", "{D602B236-B2F5-340C-823C-22510CDD1A2A}"
EndProject
Project("{2150E333-8FDC-42A3-9474-1A3956D46DE8}") = "Utils", "Utils", "{8DEE07F3-BDA8-355C-80A2-F752F44CADCA}"
EndProject
Project("{8BC9CEB8-8B4A-11D0-8D11-00A0C91BC942}") = "ALL_BUILD", "ALL_BUILD.vcxproj", "{7DB05B2F-7B22-3A1C-99C0-A1592F68D04A}"
	ProjectSection(ProjectDependencies) = postProject
		{0D287CEC-FFE3-3C4D-8CDC-09CE6C1BC706} = {0D287CEC-FFE3-3C4D-8CDC-09CE6C1BC706}
		{D499FAED-D3FC-3159-A073-BAAF88960417} = {D499FAED-D3FC-3159-A073-BAAF88960417}
		{DFE6C8B4-D4CE-3E5A-B1F5-9041976A997D} = {DFE6C8B4-D4CE-3E5A-B1F5-9041976A997D}
		{6C9D55FB-4F45-3B08-BF9A-87C9BC944462} = {6C9D55FB-4F45-3B08-BF9A-87C9BC944462}
		{4334F0B9-108B-3DFB-AA73-1A862C7CF432} = {4334F0B9-108B-3DFB-AA73-1A862C7CF432}
		{7352D635-25B1-3B01-8637-C085B31A9840} = {7352D635-25B1-3B01-8637-C085B31A9840}
		{A4142563-6A8E-3D6D-9E39-887627C355E3} = {A4142563-6A8E-3D6D-9E39-887627C355E3}
		{B3070A3F-46AB-3005-9EC0-915FACAE6898} = {B3070A3F-46AB-3005-9EC0-915FACAE6898}
		{6A45591F-D8B3-3603-8FF2-13EE7A056A6B} = {6A45591F-D8B3-3603-8FF2-13EE7A056A6B}
		{FEA4060C-9545-3FE4-A3DC-11071A7A63DA} = {FEA4060C-9545-3FE4-A3DC-11071A7A63DA}
		{2B850256-8C9B-3BB5-AD57-6E100A8777F3} = {2B850256-8C9B-3BB5-AD57-6E100A8777F3}
		{0276DC6B-7F5B-3D88-9E11-5E18ACCD188B} = {0276DC6B-7F5B-3D88-9E11-5E18ACCD188B}
		{979F8547-D08C-3CED-8BF9-1F30F9332732} = {979F8547-D08C-3CED-8BF9-1F30F9332732}
		{41082565-179F-32D2-8305-BF4005111D05} = {41082565-179F-32D2-8305-BF4005111D05}
		{F8BCE7E4-225C-3C79-B708-F29E4C7AA4E2} = {F8BCE7E4-225C-3C79-B708-F29E4C7AA4E2}
	EndProjectSection
EndProject
Project("{8BC9CEB8-8B4A-11D0-8D11-00A0C91BC942}") = "PVZ", "PVZ.vcxproj", "{0D287CEC-FFE3-3C4D-8CDC-09CE6C1BC706}"
	ProjectSection(ProjectDependencies) = postProject
		{D499FAED-D3FC-3159-A073-BAAF88960417} = {D499FAED-D3FC-3159-A073-BAAF88960417}
		{DFE6C8B4-D4CE-3E5A-B1F5-9041976A997D} = {DFE6C8B4-D4CE-3E5A-B1F5-9041976A997D}
		{6C9D55FB-4F45-3B08-BF9A-87C9BC944462} = {6C9D55FB-4F45-3B08-BF9A-87C9BC944462}
		{4334F0B9-108B-3DFB-AA73-1A862C7CF432} = {4334F0B9-108B-3DFB-AA73-1A862C7CF432}
		{7352D635-25B1-3B01-8637-C085B31A9840} = {7352D635-25B1-3B01-8637-C085B31A9840}
		{A4142563-6A8E-3D6D-9E39-887627C355E3} = {A4142563-6A8E-3D6D-9E39-887627C355E3}
		{B3070A3F-46AB-3005-9EC0-915FACAE6898} = {B3070A3F-46AB-3005-9EC0-915FACAE6898}
		{6A45591F-D8B3-3603-8FF2-13EE7A056A6B} = {6A45591F-D8B3-3603-8FF2-13EE7A056A6B}
		{FEA4060C-9545-3FE4-A3DC-11071A7A63DA} = {FEA4060C-9545-3FE4-A3DC-11071A7A63DA}
		{2B850256-8C9B-3BB5-AD57-6E100A8777F3} = {2B850256-8C9B-3BB5-AD57-6E100A8777F3}
		{0276DC6B-7F5B-3D88-9E11-5E18ACCD188B} = {0276DC6B-7F5B-3D88-9E11-5E18ACCD188B}
		{979F8547-D08C-3CED-8BF9-1F30F9332732} = {979F8547-D08C-3CED-8BF9-1F30F9332732}
		{41082565-179F-32D2-8305-BF4005111D05} = {41082565-179F-32D2-8305-BF4005111D05}
		{F8BCE7E4-225C-3C79-B708-F29E4C7AA4E2} = {F8BCE7E4-225C-3C79-B708-F29E4C7AA4E2}
	EndProjectSection
EndProject
Project("{8BC9CEB8-8B4A-11D0-8D11-00A0C91BC942}") = "SYNC_RESOURCE-PVZ", "SYNC_RESOURCE-PVZ.vcxproj", "{D499FAED-D3FC-3159-A073-BAAF88960417}"
	ProjectSection(ProjectDependencies) = postProject
		{DFE6C8B4-D4CE-3E5A-B1F5-9041976A997D} = {DFE6C8B4-D4CE-3E5A-B1F5-9041976A997D}
	EndProjectSection
EndProject
Project("{8BC9CEB8-8B4A-11D0-8D11-00A0C91BC942}") = "ZERO_CHECK", "ZERO_CHECK.vcxproj", "{DFE6C8B4-D4CE-3E5A-B1F5-9041976A997D}"
	ProjectSection(ProjectDependencies) = postProject
	EndProjectSection
EndProject
Project("{8BC9CEB8-8B4A-11D0-8D11-00A0C91BC942}") = "cocos2d", "engine\cocos\core\cocos2d.vcxproj", "{6C9D55FB-4F45-3B08-BF9A-87C9BC944462}"
	ProjectSection(ProjectDependencies) = postProject
		{DFE6C8B4-D4CE-3E5A-B1F5-9041976A997D} = {DFE6C8B4-D4CE-3E5A-B1F5-9041976A997D}
		{4334F0B9-108B-3DFB-AA73-1A862C7CF432} = {4334F0B9-108B-3DFB-AA73-1A862C7CF432}
		{7352D635-25B1-3B01-8637-C085B31A9840} = {7352D635-25B1-3B01-8637-C085B31A9840}
		{A4142563-6A8E-3D6D-9E39-887627C355E3} = {A4142563-6A8E-3D6D-9E39-887627C355E3}
		{B3070A3F-46AB-3005-9EC0-915FACAE6898} = {B3070A3F-46AB-3005-9EC0-915FACAE6898}
		{6A45591F-D8B3-3603-8FF2-13EE7A056A6B} = {6A45591F-D8B3-3603-8FF2-13EE7A056A6B}
		{FEA4060C-9545-3FE4-A3DC-11071A7A63DA} = {FEA4060C-9545-3FE4-A3DC-11071A7A63DA}
		{2B850256-8C9B-3BB5-AD57-6E100A8777F3} = {2B850256-8C9B-3BB5-AD57-6E100A8777F3}
		{0276DC6B-7F5B-3D88-9E11-5E18ACCD188B} = {0276DC6B-7F5B-3D88-9E11-5E18ACCD188B}
		{979F8547-D08C-3CED-8BF9-1F30F9332732} = {979F8547-D08C-3CED-8BF9-1F30F9332732}
		{41082565-179F-32D2-8305-BF4005111D05} = {41082565-179F-32D2-8305-BF4005111D05}
		{F8BCE7E4-225C-3C79-B708-F29E4C7AA4E2} = {F8BCE7E4-225C-3C79-B708-F29E4C7AA4E2}
	EndProjectSection
EndProject
Project("{8BC9CEB8-8B4A-11D0-8D11-00A0C91BC942}") = "ext_clipper", "engine\external\clipper\ext_clipper.vcxproj", "{4334F0B9-108B-3DFB-AA73-1A862C7CF432}"
	ProjectSection(ProjectDependencies) = postProject
		{DFE6C8B4-D4CE-3E5A-B1F5-9041976A997D} = {DFE6C8B4-D4CE-3E5A-B1F5-9041976A997D}
	EndProjectSection
EndProject
Project("{8BC9CEB8-8B4A-11D0-8D11-00A0C91BC942}") = "ext_convertUTF", "engine\external\ConvertUTF\ext_convertUTF.vcxproj", "{7352D635-25B1-3B01-8637-C085B31A9840}"
	ProjectSection(ProjectDependencies) = postProject
		{DFE6C8B4-D4CE-3E5A-B1F5-9041976A997D} = {DFE6C8B4-D4CE-3E5A-B1F5-9041976A997D}
	EndProjectSection
EndProject
Project("{8BC9CEB8-8B4A-11D0-8D11-00A0C91BC942}") = "ext_edtaa3func", "engine\external\edtaa3func\ext_edtaa3func.vcxproj", "{A4142563-6A8E-3D6D-9E39-887627C355E3}"
	ProjectSection(ProjectDependencies) = postProject
		{DFE6C8B4-D4CE-3E5A-B1F5-9041976A997D} = {DFE6C8B4-D4CE-3E5A-B1F5-9041976A997D}
	EndProjectSection
EndProject
Project("{8BC9CEB8-8B4A-11D0-8D11-00A0C91BC942}") = "ext_md5", "engine\external\md5\ext_md5.vcxproj", "{B3070A3F-46AB-3005-9EC0-915FACAE6898}"
	ProjectSection(ProjectDependencies) = postProject
		{DFE6C8B4-D4CE-3E5A-B1F5-9041976A997D} = {DFE6C8B4-D4CE-3E5A-B1F5-9041976A997D}
	EndProjectSection
EndProject
Project("{8BC9CEB8-8B4A-11D0-8D11-00A0C91BC942}") = "ext_poly2tri", "engine\external\poly2tri\ext_poly2tri.vcxproj", "{6A45591F-D8B3-3603-8FF2-13EE7A056A6B}"
	ProjectSection(ProjectDependencies) = postProject
		{DFE6C8B4-D4CE-3E5A-B1F5-9041976A997D} = {DFE6C8B4-D4CE-3E5A-B1F5-9041976A997D}
	EndProjectSection
EndProject
Project("{8BC9CEB8-8B4A-11D0-8D11-00A0C91BC942}") = "ext_recast", "engine\external\recast\ext_recast.vcxproj", "{FEA4060C-9545-3FE4-A3DC-11071A7A63DA}"
	ProjectSection(ProjectDependencies) = postProject
		{DFE6C8B4-D4CE-3E5A-B1F5-9041976A997D} = {DFE6C8B4-D4CE-3E5A-B1F5-9041976A997D}
	EndProjectSection
EndProject
Project("{8BC9CEB8-8B4A-11D0-8D11-00A0C91BC942}") = "ext_tinyxml2", "engine\external\tinyxml2\ext_tinyxml2.vcxproj", "{2B850256-8C9B-3BB5-AD57-6E100A8777F3}"
	ProjectSection(ProjectDependencies) = postProject
		{DFE6C8B4-D4CE-3E5A-B1F5-9041976A997D} = {DFE6C8B4-D4CE-3E5A-B1F5-9041976A997D}
	EndProjectSection
EndProject
Project("{8BC9CEB8-8B4A-11D0-8D11-00A0C91BC942}") = "ext_unzip", "engine\external\unzip\ext_unzip.vcxproj", "{0276DC6B-7F5B-3D88-9E11-5E18ACCD188B}"
	ProjectSection(ProjectDependencies) = postProject
		{DFE6C8B4-D4CE-3E5A-B1F5-9041976A997D} = {DFE6C8B4-D4CE-3E5A-B1F5-9041976A997D}
	EndProjectSection
EndProject
Project("{8BC9CEB8-8B4A-11D0-8D11-00A0C91BC942}") = "ext_xxhash", "engine\external\xxhash\ext_xxhash.vcxproj", "{979F8547-D08C-3CED-8BF9-1F30F9332732}"
	ProjectSection(ProjectDependencies) = postProject
		{DFE6C8B4-D4CE-3E5A-B1F5-9041976A997D} = {DFE6C8B4-D4CE-3E5A-B1F5-9041976A997D}
	EndProjectSection
EndProject
Project("{8BC9CEB8-8B4A-11D0-8D11-00A0C91BC942}") = "ext_xxtea", "engine\external\xxtea\ext_xxtea.vcxproj", "{41082565-179F-32D2-8305-BF4005111D05}"
	ProjectSection(ProjectDependencies) = postProject
		{DFE6C8B4-D4CE-3E5A-B1F5-9041976A997D} = {DFE6C8B4-D4CE-3E5A-B1F5-9041976A997D}
	EndProjectSection
EndProject
Project("{8BC9CEB8-8B4A-11D0-8D11-00A0C91BC942}") = "external", "engine\external\external.vcxproj", "{F8BCE7E4-225C-3C79-B708-F29E4C7AA4E2}"
	ProjectSection(ProjectDependencies) = postProject
		{DFE6C8B4-D4CE-3E5A-B1F5-9041976A997D} = {DFE6C8B4-D4CE-3E5A-B1F5-9041976A997D}
		{4334F0B9-108B-3DFB-AA73-1A862C7CF432} = {4334F0B9-108B-3DFB-AA73-1A862C7CF432}
		{7352D635-25B1-3B01-8637-C085B31A9840} = {7352D635-25B1-3B01-8637-C085B31A9840}
		{A4142563-6A8E-3D6D-9E39-887627C355E3} = {A4142563-6A8E-3D6D-9E39-887627C355E3}
		{B3070A3F-46AB-3005-9EC0-915FACAE6898} = {B3070A3F-46AB-3005-9EC0-915FACAE6898}
		{6A45591F-D8B3-3603-8FF2-13EE7A056A6B} = {6A45591F-D8B3-3603-8FF2-13EE7A056A6B}
		{FEA4060C-9545-3FE4-A3DC-11071A7A63DA} = {FEA4060C-9545-3FE4-A3DC-11071A7A63DA}
		{2B850256-8C9B-3BB5-AD57-6E100A8777F3} = {2B850256-8C9B-3BB5-AD57-6E100A8777F3}
		{0276DC6B-7F5B-3D88-9E11-5E18ACCD188B} = {0276DC6B-7F5B-3D88-9E11-5E18ACCD188B}
		{979F8547-D08C-3CED-8BF9-1F30F9332732} = {979F8547-D08C-3CED-8BF9-1F30F9332732}
		{41082565-179F-32D2-8305-BF4005111D05} = {41082565-179F-32D2-8305-BF4005111D05}
	EndProjectSection
EndProject
Global
	GlobalSection(SolutionConfigurationPlatforms) = preSolution
		Debug|Win32 = Debug|Win32
		Release|Win32 = Release|Win32
		MinSizeRel|Win32 = MinSizeRel|Win32
		RelWithDebInfo|Win32 = RelWithDebInfo|Win32
	EndGlobalSection
	GlobalSection(ProjectConfigurationPlatforms) = postSolution
		{7DB05B2F-7B22-3A1C-99C0-A1592F68D04A}.Debug|Win32.ActiveCfg = Debug|Win32
		{7DB05B2F-7B22-3A1C-99C0-A1592F68D04A}.Release|Win32.ActiveCfg = Release|Win32
		{7DB05B2F-7B22-3A1C-99C0-A1592F68D04A}.MinSizeRel|Win32.ActiveCfg = MinSizeRel|Win32
		{7DB05B2F-7B22-3A1C-99C0-A1592F68D04A}.RelWithDebInfo|Win32.ActiveCfg = RelWithDebInfo|Win32
		{0D287CEC-FFE3-3C4D-8CDC-09CE6C1BC706}.Debug|Win32.ActiveCfg = Debug|Win32
		{0D287CEC-FFE3-3C4D-8CDC-09CE6C1BC706}.Debug|Win32.Build.0 = Debug|Win32
		{0D287CEC-FFE3-3C4D-8CDC-09CE6C1BC706}.Release|Win32.ActiveCfg = Release|Win32
		{0D287CEC-FFE3-3C4D-8CDC-09CE6C1BC706}.Release|Win32.Build.0 = Release|Win32
		{0D287CEC-FFE3-3C4D-8CDC-09CE6C1BC706}.MinSizeRel|Win32.ActiveCfg = MinSizeRel|Win32
		{0D287CEC-FFE3-3C4D-8CDC-09CE6C1BC706}.MinSizeRel|Win32.Build.0 = MinSizeRel|Win32
		{0D287CEC-FFE3-3C4D-8CDC-09CE6C1BC706}.RelWithDebInfo|Win32.ActiveCfg = RelWithDebInfo|Win32
		{0D287CEC-FFE3-3C4D-8CDC-09CE6C1BC706}.RelWithDebInfo|Win32.Build.0 = RelWithDebInfo|Win32
		{D499FAED-D3FC-3159-A073-BAAF88960417}.Debug|Win32.ActiveCfg = Debug|Win32
		{D499FAED-D3FC-3159-A073-BAAF88960417}.Debug|Win32.Build.0 = Debug|Win32
		{D499FAED-D3FC-3159-A073-BAAF88960417}.Release|Win32.ActiveCfg = Release|Win32
		{D499FAED-D3FC-3159-A073-BAAF88960417}.Release|Win32.Build.0 = Release|Win32
		{D499FAED-D3FC-3159-A073-BAAF88960417}.MinSizeRel|Win32.ActiveCfg = MinSizeRel|Win32
		{D499FAED-D3FC-3159-A073-BAAF88960417}.MinSizeRel|Win32.Build.0 = MinSizeRel|Win32
		{D499FAED-D3FC-3159-A073-BAAF88960417}.RelWithDebInfo|Win32.ActiveCfg = RelWithDebInfo|Win32
		{D499FAED-D3FC-3159-A073-BAAF88960417}.RelWithDebInfo|Win32.Build.0 = RelWithDebInfo|Win32
		{DFE6C8B4-D4CE-3E5A-B1F5-9041976A997D}.Debug|Win32.ActiveCfg = Debug|Win32
		{DFE6C8B4-D4CE-3E5A-B1F5-9041976A997D}.Debug|Win32.Build.0 = Debug|Win32
		{DFE6C8B4-D4CE-3E5A-B1F5-9041976A997D}.Release|Win32.ActiveCfg = Release|Win32
		{DFE6C8B4-D4CE-3E5A-B1F5-9041976A997D}.Release|Win32.Build.0 = Release|Win32
		{DFE6C8B4-D4CE-3E5A-B1F5-9041976A997D}.MinSizeRel|Win32.ActiveCfg = MinSizeRel|Win32
		{DFE6C8B4-D4CE-3E5A-B1F5-9041976A997D}.MinSizeRel|Win32.Build.0 = MinSizeRel|Win32
		{DFE6C8B4-D4CE-3E5A-B1F5-9041976A997D}.RelWithDebInfo|Win32.ActiveCfg = RelWithDebInfo|Win32
		{DFE6C8B4-D4CE-3E5A-B1F5-9041976A997D}.RelWithDebInfo|Win32.Build.0 = RelWithDebInfo|Win32
		{6C9D55FB-4F45-3B08-BF9A-87C9BC944462}.Debug|Win32.ActiveCfg = Debug|Win32
		{6C9D55FB-4F45-3B08-BF9A-87C9BC944462}.Debug|Win32.Build.0 = Debug|Win32
		{6C9D55FB-4F45-3B08-BF9A-87C9BC944462}.Release|Win32.ActiveCfg = Release|Win32
		{6C9D55FB-4F45-3B08-BF9A-87C9BC944462}.Release|Win32.Build.0 = Release|Win32
		{6C9D55FB-4F45-3B08-BF9A-87C9BC944462}.MinSizeRel|Win32.ActiveCfg = MinSizeRel|Win32
		{6C9D55FB-4F45-3B08-BF9A-87C9BC944462}.MinSizeRel|Win32.Build.0 = MinSizeRel|Win32
		{6C9D55FB-4F45-3B08-BF9A-87C9BC944462}.RelWithDebInfo|Win32.ActiveCfg = RelWithDebInfo|Win32
		{6C9D55FB-4F45-3B08-BF9A-87C9BC944462}.RelWithDebInfo|Win32.Build.0 = RelWithDebInfo|Win32
		{4334F0B9-108B-3DFB-AA73-1A862C7CF432}.Debug|Win32.ActiveCfg = Debug|Win32
		{4334F0B9-108B-3DFB-AA73-1A862C7CF432}.Debug|Win32.Build.0 = Debug|Win32
		{4334F0B9-108B-3DFB-AA73-1A862C7CF432}.Release|Win32.ActiveCfg = Release|Win32
		{4334F0B9-108B-3DFB-AA73-1A862C7CF432}.Release|Win32.Build.0 = Release|Win32
		{4334F0B9-108B-3DFB-AA73-1A862C7CF432}.MinSizeRel|Win32.ActiveCfg = MinSizeRel|Win32
		{4334F0B9-108B-3DFB-AA73-1A862C7CF432}.MinSizeRel|Win32.Build.0 = MinSizeRel|Win32
		{4334F0B9-108B-3DFB-AA73-1A862C7CF432}.RelWithDebInfo|Win32.ActiveCfg = RelWithDebInfo|Win32
		{4334F0B9-108B-3DFB-AA73-1A862C7CF432}.RelWithDebInfo|Win32.Build.0 = RelWithDebInfo|Win32
		{7352D635-25B1-3B01-8637-C085B31A9840}.Debug|Win32.ActiveCfg = Debug|Win32
		{7352D635-25B1-3B01-8637-C085B31A9840}.Debug|Win32.Build.0 = Debug|Win32
		{7352D635-25B1-3B01-8637-C085B31A9840}.Release|Win32.ActiveCfg = Release|Win32
		{7352D635-25B1-3B01-8637-C085B31A9840}.Release|Win32.Build.0 = Release|Win32
		{7352D635-25B1-3B01-8637-C085B31A9840}.MinSizeRel|Win32.ActiveCfg = MinSizeRel|Win32
		{7352D635-25B1-3B01-8637-C085B31A9840}.MinSizeRel|Win32.Build.0 = MinSizeRel|Win32
		{7352D635-25B1-3B01-8637-C085B31A9840}.RelWithDebInfo|Win32.ActiveCfg = RelWithDebInfo|Win32
		{7352D635-25B1-3B01-8637-C085B31A9840}.RelWithDebInfo|Win32.Build.0 = RelWithDebInfo|Win32
		{A4142563-6A8E-3D6D-9E39-887627C355E3}.Debug|Win32.ActiveCfg = Debug|Win32
		{A4142563-6A8E-3D6D-9E39-887627C355E3}.Debug|Win32.Build.0 = Debug|Win32
		{A4142563-6A8E-3D6D-9E39-887627C355E3}.Release|Win32.ActiveCfg = Release|Win32
		{A4142563-6A8E-3D6D-9E39-887627C355E3}.Release|Win32.Build.0 = Release|Win32
		{A4142563-6A8E-3D6D-9E39-887627C355E3}.MinSizeRel|Win32.ActiveCfg = MinSizeRel|Win32
		{A4142563-6A8E-3D6D-9E39-887627C355E3}.MinSizeRel|Win32.Build.0 = MinSizeRel|Win32
		{A4142563-6A8E-3D6D-9E39-887627C355E3}.RelWithDebInfo|Win32.ActiveCfg = RelWithDebInfo|Win32
		{A4142563-6A8E-3D6D-9E39-887627C355E3}.RelWithDebInfo|Win32.Build.0 = RelWithDebInfo|Win32
		{B3070A3F-46AB-3005-9EC0-915FACAE6898}.Debug|Win32.ActiveCfg = Debug|Win32
		{B3070A3F-46AB-3005-9EC0-915FACAE6898}.Debug|Win32.Build.0 = Debug|Win32
		{B3070A3F-46AB-3005-9EC0-915FACAE6898}.Release|Win32.ActiveCfg = Release|Win32
		{B3070A3F-46AB-3005-9EC0-915FACAE6898}.Release|Win32.Build.0 = Release|Win32
		{B3070A3F-46AB-3005-9EC0-915FACAE6898}.MinSizeRel|Win32.ActiveCfg = MinSizeRel|Win32
		{B3070A3F-46AB-3005-9EC0-915FACAE6898}.MinSizeRel|Win32.Build.0 = MinSizeRel|Win32
		{B3070A3F-46AB-3005-9EC0-915FACAE6898}.RelWithDebInfo|Win32.ActiveCfg = RelWithDebInfo|Win32
		{B3070A3F-46AB-3005-9EC0-915FACAE6898}.RelWithDebInfo|Win32.Build.0 = RelWithDebInfo|Win32
		{6A45591F-D8B3-3603-8FF2-13EE7A056A6B}.Debug|Win32.ActiveCfg = Debug|Win32
		{6A45591F-D8B3-3603-8FF2-13EE7A056A6B}.Debug|Win32.Build.0 = Debug|Win32
		{6A45591F-D8B3-3603-8FF2-13EE7A056A6B}.Release|Win32.ActiveCfg = Release|Win32
		{6A45591F-D8B3-3603-8FF2-13EE7A056A6B}.Release|Win32.Build.0 = Release|Win32
		{6A45591F-D8B3-3603-8FF2-13EE7A056A6B}.MinSizeRel|Win32.ActiveCfg = MinSizeRel|Win32
		{6A45591F-D8B3-3603-8FF2-13EE7A056A6B}.MinSizeRel|Win32.Build.0 = MinSizeRel|Win32
		{6A45591F-D8B3-3603-8FF2-13EE7A056A6B}.RelWithDebInfo|Win32.ActiveCfg = RelWithDebInfo|Win32
		{6A45591F-D8B3-3603-8FF2-13EE7A056A6B}.RelWithDebInfo|Win32.Build.0 = RelWithDebInfo|Win32
		{FEA4060C-9545-3FE4-A3DC-11071A7A63DA}.Debug|Win32.ActiveCfg = Debug|Win32
		{FEA4060C-9545-3FE4-A3DC-11071A7A63DA}.Debug|Win32.Build.0 = Debug|Win32
		{FEA4060C-9545-3FE4-A3DC-11071A7A63DA}.Release|Win32.ActiveCfg = Release|Win32
		{FEA4060C-9545-3FE4-A3DC-11071A7A63DA}.Release|Win32.Build.0 = Release|Win32
		{FEA4060C-9545-3FE4-A3DC-11071A7A63DA}.MinSizeRel|Win32.ActiveCfg = MinSizeRel|Win32
		{FEA4060C-9545-3FE4-A3DC-11071A7A63DA}.MinSizeRel|Win32.Build.0 = MinSizeRel|Win32
		{FEA4060C-9545-3FE4-A3DC-11071A7A63DA}.RelWithDebInfo|Win32.ActiveCfg = RelWithDebInfo|Win32
		{FEA4060C-9545-3FE4-A3DC-11071A7A63DA}.RelWithDebInfo|Win32.Build.0 = RelWithDebInfo|Win32
		{2B850256-8C9B-3BB5-AD57-6E100A8777F3}.Debug|Win32.ActiveCfg = Debug|Win32
		{2B850256-8C9B-3BB5-AD57-6E100A8777F3}.Debug|Win32.Build.0 = Debug|Win32
		{2B850256-8C9B-3BB5-AD57-6E100A8777F3}.Release|Win32.ActiveCfg = Release|Win32
		{2B850256-8C9B-3BB5-AD57-6E100A8777F3}.Release|Win32.Build.0 = Release|Win32
		{2B850256-8C9B-3BB5-AD57-6E100A8777F3}.MinSizeRel|Win32.ActiveCfg = MinSizeRel|Win32
		{2B850256-8C9B-3BB5-AD57-6E100A8777F3}.MinSizeRel|Win32.Build.0 = MinSizeRel|Win32
		{2B850256-8C9B-3BB5-AD57-6E100A8777F3}.RelWithDebInfo|Win32.ActiveCfg = RelWithDebInfo|Win32
		{2B850256-8C9B-3BB5-AD57-6E100A8777F3}.RelWithDebInfo|Win32.Build.0 = RelWithDebInfo|Win32
		{0276DC6B-7F5B-3D88-9E11-5E18ACCD188B}.Debug|Win32.ActiveCfg = Debug|Win32
		{0276DC6B-7F5B-3D88-9E11-5E18ACCD188B}.Debug|Win32.Build.0 = Debug|Win32
		{0276DC6B-7F5B-3D88-9E11-5E18ACCD188B}.Release|Win32.ActiveCfg = Release|Win32
		{0276DC6B-7F5B-3D88-9E11-5E18ACCD188B}.Release|Win32.Build.0 = Release|Win32
		{0276DC6B-7F5B-3D88-9E11-5E18ACCD188B}.MinSizeRel|Win32.ActiveCfg = MinSizeRel|Win32
		{0276DC6B-7F5B-3D88-9E11-5E18ACCD188B}.MinSizeRel|Win32.Build.0 = MinSizeRel|Win32
		{0276DC6B-7F5B-3D88-9E11-5E18ACCD188B}.RelWithDebInfo|Win32.ActiveCfg = RelWithDebInfo|Win32
		{0276DC6B-7F5B-3D88-9E11-5E18ACCD188B}.RelWithDebInfo|Win32.Build.0 = RelWithDebInfo|Win32
		{979F8547-D08C-3CED-8BF9-1F30F9332732}.Debug|Win32.ActiveCfg = Debug|Win32
		{979F8547-D08C-3CED-8BF9-1F30F9332732}.Debug|Win32.Build.0 = Debug|Win32
		{979F8547-D08C-3CED-8BF9-1F30F9332732}.Release|Win32.ActiveCfg = Release|Win32
		{979F8547-D08C-3CED-8BF9-1F30F9332732}.Release|Win32.Build.0 = Release|Win32
		{979F8547-D08C-3CED-8BF9-1F30F9332732}.MinSizeRel|Win32.ActiveCfg = MinSizeRel|Win32
		{979F8547-D08C-3CED-8BF9-1F30F9332732}.MinSizeRel|Win32.Build.0 = MinSizeRel|Win32
		{979F8547-D08C-3CED-8BF9-1F30F9332732}.RelWithDebInfo|Win32.ActiveCfg = RelWithDebInfo|Win32
		{979F8547-D08C-3CED-8BF9-1F30F9332732}.RelWithDebInfo|Win32.Build.0 = RelWithDebInfo|Win32
		{41082565-179F-32D2-8305-BF4005111D05}.Debug|Win32.ActiveCfg = Debug|Win32
		{41082565-179F-32D2-8305-BF4005111D05}.Debug|Win32.Build.0 = Debug|Win32
		{41082565-179F-32D2-8305-BF4005111D05}.Release|Win32.ActiveCfg = Release|Win32
		{41082565-179F-32D2-8305-BF4005111D05}.Release|Win32.Build.0 = Release|Win32
		{41082565-179F-32D2-8305-BF4005111D05}.MinSizeRel|Win32.ActiveCfg = MinSizeRel|Win32
		{41082565-179F-32D2-8305-BF4005111D05}.MinSizeRel|Win32.Build.0 = MinSizeRel|Win32
		{41082565-179F-32D2-8305-BF4005111D05}.RelWithDebInfo|Win32.ActiveCfg = RelWithDebInfo|Win32
		{41082565-179F-32D2-8305-BF4005111D05}.RelWithDebInfo|Win32.Build.0 = RelWithDebInfo|Win32
		{F8BCE7E4-225C-3C79-B708-F29E4C7AA4E2}.Debug|Win32.ActiveCfg = Debug|Win32
		{F8BCE7E4-225C-3C79-B708-F29E4C7AA4E2}.Debug|Win32.Build.0 = Debug|Win32
		{F8BCE7E4-225C-3C79-B708-F29E4C7AA4E2}.Release|Win32.ActiveCfg = Release|Win32
		{F8BCE7E4-225C-3C79-B708-F29E4C7AA4E2}.Release|Win32.Build.0 = Release|Win32
		{F8BCE7E4-225C-3C79-B708-F29E4C7AA4E2}.MinSizeRel|Win32.ActiveCfg = MinSizeRel|Win32
		{F8BCE7E4-225C-3C79-B708-F29E4C7AA4E2}.MinSizeRel|Win32.Build.0 = MinSizeRel|Win32
		{F8BCE7E4-225C-3C79-B708-F29E4C7AA4E2}.RelWithDebInfo|Win32.ActiveCfg = RelWithDebInfo|Win32
		{F8BCE7E4-225C-3C79-B708-F29E4C7AA4E2}.RelWithDebInfo|Win32.Build.0 = RelWithDebInfo|Win32
	EndGlobalSection
	GlobalSection(NestedProjects) = preSolution
		{7DB05B2F-7B22-3A1C-99C0-A1592F68D04A} = {C186EB7B-0A5D-36C3-B585-6649FD5EC2C4}
		{DFE6C8B4-D4CE-3E5A-B1F5-9041976A997D} = {C186EB7B-0A5D-36C3-B585-6649FD5EC2C4}
		{4334F0B9-108B-3DFB-AA73-1A862C7CF432} = {A6F749E1-9850-3430-9914-B412FD310ECE}
		{7352D635-25B1-3B01-8637-C085B31A9840} = {A6F749E1-9850-3430-9914-B412FD310ECE}
		{A4142563-6A8E-3D6D-9E39-887627C355E3} = {A6F749E1-9850-3430-9914-B412FD310ECE}
		{B3070A3F-46AB-3005-9EC0-915FACAE6898} = {A6F749E1-9850-3430-9914-B412FD310ECE}
		{6A45591F-D8B3-3603-8FF2-13EE7A056A6B} = {A6F749E1-9850-3430-9914-B412FD310ECE}
		{FEA4060C-9545-3FE4-A3DC-11071A7A63DA} = {A6F749E1-9850-3430-9914-B412FD310ECE}
		{2B850256-8C9B-3BB5-AD57-6E100A8777F3} = {A6F749E1-9850-3430-9914-B412FD310ECE}
		{0276DC6B-7F5B-3D88-9E11-5E18ACCD188B} = {A6F749E1-9850-3430-9914-B412FD310ECE}
		{979F8547-D08C-3CED-8BF9-1F30F9332732} = {A6F749E1-9850-3430-9914-B412FD310ECE}
		{41082565-179F-32D2-8305-BF4005111D05} = {A6F749E1-9850-3430-9914-B412FD310ECE}
		{F8BCE7E4-225C-3C79-B708-F29E4C7AA4E2} = {A6F749E1-9850-3430-9914-B412FD310ECE}
		{6C9D55FB-4F45-3B08-BF9A-87C9BC944462} = {D602B236-B2F5-340C-823C-22510CDD1A2A}
		{D499FAED-D3FC-3159-A073-BAAF88960417} = {8DEE07F3-BDA8-355C-80A2-F752F44CADCA}
	EndGlobalSection
	GlobalSection(ExtensibilityGlobals) = postSolution
		SolutionGuid = {7513C743-7835-394A-90A4-213F1C576BE2}
	EndGlobalSection
	GlobalSection(ExtensibilityAddIns) = postSolution
	EndGlobalSection
EndGlobal
